
Microsoft Visual Studio Solution File, Format Version 12.00
# Visual Studio Version 16
VisualStudioVersion = 16.0.29418.71
MinimumVisualStudioVersion = 10.0.40219.1
Project("{9A19103F-16F7-4668-BE54-9A1E7A4F7556}") = "TDLib", "TDLib\TDLib.csproj", "{2D4466D1-02F4-4983-B4B7-101FB4D76D91}"
EndProject
Project("{9A19103F-16F7-4668-BE54-9A1E7A4F7556}") = "TDLib.Api", "TDLib.Api\TDLib.Api.csproj", "{DF52A2FE-0464-40EE-AACC-42781FA5FBDB}"
EndProject
Global
	GlobalSection(SolutionConfigurationPlatforms) = preSolution
		Debug|Any CPU = Debug|Any CPU
		Release|Any CPU = Release|Any CPU
	EndGlobalSection
	GlobalSection(ProjectConfigurationPlatforms) = postSolution
		{2D4466D1-02F4-4983-B4B7-101FB4D76D91}.Debug|Any CPU.ActiveCfg = Debug|Any CPU
		{2D4466D1-02F4-4983-B4B7-101FB4D76D91}.Debug|Any CPU.Build.0 = Debug|Any CPU
		{2D4466D1-02F4-4983-B4B7-101FB4D76D91}.Release|Any CPU.ActiveCfg = Release|Any CPU
		{2D4466D1-02F4-4983-B4B7-101FB4D76D91}.Release|Any CPU.Build.0 = Release|Any CPU
		{DF52A2FE-0464-40EE-AACC-42781FA5FBDB}.Debug|Any CPU.ActiveCfg = Debug|Any CPU
		{DF52A2FE-0464-40EE-AACC-42781FA5FBDB}.Debug|Any CPU.Build.0 = Debug|Any CPU
		{DF52A2FE-0464-40EE-AACC-42781FA5FBDB}.Release|Any CPU.ActiveCfg = Release|Any CPU
		{DF52A2FE-0464-40EE-AACC-42781FA5FBDB}.Release|Any CPU.Build.0 = Release|Any CPU
	EndGlobalSection
	GlobalSection(SolutionProperties) = preSolution
		HideSolutionNode = FALSE
	EndGlobalSection
	GlobalSection(ExtensibilityGlobals) = postSolution
		SolutionGuid = {46AB197A-DFB5-4F3A-97C7-65193A741D19}
	EndGlobalSection
EndGlobal
